# THIS IS AN AUTOGENERATED FILE. DO NOT EDIT THIS FILE DIRECTLY.
# yarn lockfile v1


clipboard-polyfill@^2.4.7:
  version "2.4.7"
  resolved "https://registry.yarnpkg.com/clipboard-polyfill/-/clipboard-polyfill-2.4.7.tgz#5eda50164a9ab7669e08a5dc80698b9ed54164a4"
  dependencies:
    es6-promise "4.1.1"

es6-promise@4.1.1:
  version "4.1.1"
  resolved "https://registry.yarnpkg.com/es6-promise/-/es6-promise-4.1.1.tgz#8811e90915d9a0dba36274f0b242dbda78f9c92a"

jssha@1.6.0:
  version "1.6.0"
  resolved "https://registry.yarnpkg.com/jssha/-/jssha-1.6.0.tgz#67acf0b90fdebb9bb3fe3a44e6016cf2cf0670b9"

wallet-address-validator@^0.1.1:
  version "0.1.1"
  resolved "https://registry.yarnpkg.com/wallet-address-validator/-/wallet-address-validator-0.1.1.tgz#e7023b702d6307e82e80a6cfaaaaa0a9c37df1b7"
  dependencies:
    jssha "1.6.0"
