# THIS IS AN AUTOGENERATED FILE. DO NOT EDIT THIS FILE DIRECTLY.
# yarn lockfile v1


jssha@1.6.0:
  version "1.6.0"
  resolved "https://registry.yarnpkg.com/jssha/-/jssha-1.6.0.tgz#67acf0b90fdebb9bb3fe3a44e6016cf2cf0670b9"

wallet-address-validator@^0.1.1:
  version "0.1.1"
  resolved "https://registry.yarnpkg.com/wallet-address-validator/-/wallet-address-validator-0.1.1.tgz#e7023b702d6307e82e80a6cfaaaaa0a9c37df1b7"
  dependencies:
    jssha "1.6.0"
